
Microsoft Visual Studio Solution File, Format Version 12.00
# Visual Studio Version 16
VisualStudioVersion = 16.0.30804.86
MinimumVisualStudioVersion = 10.0.40219.1
Project("{9A19103F-16F7-4668-BE54-9A1E7A4F7556}") = "Kodlamaio", "Kodlamaio\Kodlamaio.csproj", "{0C8B97CA-0B83-4954-8DA2-79752CFB9F68}"
EndProject
Project("{FAE04EC0-301F-11D3-BF4B-00C04F79EFBC}") = "Metotlar", "Metotlar\Metotlar.csproj", "{239CC1B3-DB5B-4B7E-993D-EA1C5C160C82}"
EndProject
Project("{FAE04EC0-301F-11D3-BF4B-00C04F79EFBC}") = "Matematik", "Matematik\Matematik.csproj", "{C1A24CEF-EB58-4954-8371-F6B2AE26593B}"
EndProject
Project("{FAE04EC0-301F-11D3-BF4B-00C04F79EFBC}") = "DegerVeReferansTipler", "DegerVeReferansTipler\DegerVeReferansTipler.csproj", "{8456629D-1C84-4667-B4C3-A9DF374F59EC}"
EndProject
Global
	GlobalSection(SolutionConfigurationPlatforms) = preSolution
		Debug|Any CPU = Debug|Any CPU
		Release|Any CPU = Release|Any CPU
	EndGlobalSection
	GlobalSection(ProjectConfigurationPlatforms) = postSolution
		{0C8B97CA-0B83-4954-8DA2-79752CFB9F68}.Debug|Any CPU.ActiveCfg = Debug|Any CPU
		{0C8B97CA-0B83-4954-8DA2-79752CFB9F68}.Debug|Any CPU.Build.0 = Debug|Any CPU
		{0C8B97CA-0B83-4954-8DA2-79752CFB9F68}.Release|Any CPU.ActiveCfg = Release|Any CPU
		{0C8B97CA-0B83-4954-8DA2-79752CFB9F68}.Release|Any CPU.Build.0 = Release|Any CPU
		{239CC1B3-DB5B-4B7E-993D-EA1C5C160C82}.Debug|Any CPU.ActiveCfg = Debug|Any CPU
		{239CC1B3-DB5B-4B7E-993D-EA1C5C160C82}.Debug|Any CPU.Build.0 = Debug|Any CPU
		{239CC1B3-DB5B-4B7E-993D-EA1C5C160C82}.Release|Any CPU.ActiveCfg = Release|Any CPU
		{239CC1B3-DB5B-4B7E-993D-EA1C5C160C82}.Release|Any CPU.Build.0 = Release|Any CPU
		{C1A24CEF-EB58-4954-8371-F6B2AE26593B}.Debug|Any CPU.ActiveCfg = Debug|Any CPU
		{C1A24CEF-EB58-4954-8371-F6B2AE26593B}.Debug|Any CPU.Build.0 = Debug|Any CPU
		{C1A24CEF-EB58-4954-8371-F6B2AE26593B}.Release|Any CPU.ActiveCfg = Release|Any CPU
		{C1A24CEF-EB58-4954-8371-F6B2AE26593B}.Release|Any CPU.Build.0 = Release|Any CPU
		{8456629D-1C84-4667-B4C3-A9DF374F59EC}.Debug|Any CPU.ActiveCfg = Debug|Any CPU
		{8456629D-1C84-4667-B4C3-A9DF374F59EC}.Debug|Any CPU.Build.0 = Debug|Any CPU
		{8456629D-1C84-4667-B4C3-A9DF374F59EC}.Release|Any CPU.ActiveCfg = Release|Any CPU
		{8456629D-1C84-4667-B4C3-A9DF374F59EC}.Release|Any CPU.Build.0 = Release|Any CPU
	EndGlobalSection
	GlobalSection(SolutionProperties) = preSolution
		HideSolutionNode = FALSE
	EndGlobalSection
	GlobalSection(ExtensibilityGlobals) = postSolution
		SolutionGuid = {8DD33BD0-9DB5-4A56-B7C3-F6CCE2D3A1E1}
	EndGlobalSection
EndGlobal
